
Microsoft Visual Studio Solution File, Format Version 12.00
# Visual Studio 15
VisualStudioVersion = 15.0.27703.2035
MinimumVisualStudioVersion = 10.0.40219.1
Project("{FAE04EC0-301F-11D3-BF4B-00C04F79EFBC}") = "BookCatalog.Web", "BookCatalog.Web\BookCatalog.Web.csproj", "{8092857F-AAFA-4572-A365-0E53A868C781}"
EndProject
Project("{FAE04EC0-301F-11D3-BF4B-00C04F79EFBC}") = "BookCatalog.DAL", "BookCatalog.DAL\BookCatalog.DAL.csproj", "{75CB52D4-4153-41D0-825F-5E5F2ECC1308}"
EndProject
Project("{FAE04EC0-301F-11D3-BF4B-00C04F79EFBC}") = "BookCatalog.Contracts", "BookCatalog.Contracts\BookCatalog.Contracts.csproj", "{8B69157B-BA1E-4C39-8D04-2F66EA47F1F2}"
EndProject
Project("{FAE04EC0-301F-11D3-BF4B-00C04F79EFBC}") = "BookCatalog.Domain", "BookCatalog.Domain\BookCatalog.Domain.csproj", "{54D4479A-63B5-449B-9F1E-C0A31D823530}"
EndProject
Project("{FAE04EC0-301F-11D3-BF4B-00C04F79EFBC}") = "BookCatalog.Services", "BookCatalog.Services\BookCatalog.Services.csproj", "{BC27840C-7A93-4804-8627-84E12EFDE6E3}"
EndProject
Global
	GlobalSection(SolutionConfigurationPlatforms) = preSolution
		Debug|Any CPU = Debug|Any CPU
		Release|Any CPU = Release|Any CPU
	EndGlobalSection
	GlobalSection(ProjectConfigurationPlatforms) = postSolution
		{8092857F-AAFA-4572-A365-0E53A868C781}.Debug|Any CPU.ActiveCfg = Debug|Any CPU
		{8092857F-AAFA-4572-A365-0E53A868C781}.Debug|Any CPU.Build.0 = Debug|Any CPU
		{8092857F-AAFA-4572-A365-0E53A868C781}.Release|Any CPU.ActiveCfg = Release|Any CPU
		{8092857F-AAFA-4572-A365-0E53A868C781}.Release|Any CPU.Build.0 = Release|Any CPU
		{75CB52D4-4153-41D0-825F-5E5F2ECC1308}.Debug|Any CPU.ActiveCfg = Debug|Any CPU
		{75CB52D4-4153-41D0-825F-5E5F2ECC1308}.Debug|Any CPU.Build.0 = Debug|Any CPU
		{75CB52D4-4153-41D0-825F-5E5F2ECC1308}.Release|Any CPU.ActiveCfg = Release|Any CPU
		{75CB52D4-4153-41D0-825F-5E5F2ECC1308}.Release|Any CPU.Build.0 = Release|Any CPU
		{8B69157B-BA1E-4C39-8D04-2F66EA47F1F2}.Debug|Any CPU.ActiveCfg = Debug|Any CPU
		{8B69157B-BA1E-4C39-8D04-2F66EA47F1F2}.Debug|Any CPU.Build.0 = Debug|Any CPU
		{8B69157B-BA1E-4C39-8D04-2F66EA47F1F2}.Release|Any CPU.ActiveCfg = Release|Any CPU
		{8B69157B-BA1E-4C39-8D04-2F66EA47F1F2}.Release|Any CPU.Build.0 = Release|Any CPU
		{54D4479A-63B5-449B-9F1E-C0A31D823530}.Debug|Any CPU.ActiveCfg = Debug|Any CPU
		{54D4479A-63B5-449B-9F1E-C0A31D823530}.Debug|Any CPU.Build.0 = Debug|Any CPU
		{54D4479A-63B5-449B-9F1E-C0A31D823530}.Release|Any CPU.ActiveCfg = Release|Any CPU
		{54D4479A-63B5-449B-9F1E-C0A31D823530}.Release|Any CPU.Build.0 = Release|Any CPU
		{BC27840C-7A93-4804-8627-84E12EFDE6E3}.Debug|Any CPU.ActiveCfg = Debug|Any CPU
		{BC27840C-7A93-4804-8627-84E12EFDE6E3}.Debug|Any CPU.Build.0 = Debug|Any CPU
		{BC27840C-7A93-4804-8627-84E12EFDE6E3}.Release|Any CPU.ActiveCfg = Release|Any CPU
		{BC27840C-7A93-4804-8627-84E12EFDE6E3}.Release|Any CPU.Build.0 = Release|Any CPU
	EndGlobalSection
	GlobalSection(SolutionProperties) = preSolution
		HideSolutionNode = FALSE
	EndGlobalSection
	GlobalSection(ExtensibilityGlobals) = postSolution
		SolutionGuid = {F01C7851-9768-411C-B506-F9873BF6B63B}
	EndGlobalSection
EndGlobal
