{
  "requires": true,
  "lockfileVersion": 1,
  "dependencies": {
    "knockout": {
      "version": "3.5.0",
      "resolved": "https://registry.npmjs.org/knockout/-/knockout-3.5.0.tgz",
      "integrity": "sha512-vBUF/IsBDzaejHkNpiquKdc5uPrImXuQ4Mb9lEfNNJ5cyHGI8ThDupR+h3eMFZhfmPE/brfwcIAn/fm0yOvJUg=="
    }
  }
}
