{
  "name": "asp.net",
  "version": "1.0.0",
  "lockfileVersion": 1,
  "requires": true,
  "dependencies": {
    "@types/knockout": {
      "version": "3.4.66",
      "resolved": "https://registry.npmjs.org/@types/knockout/-/knockout-3.4.66.tgz",
      "integrity": "sha512-UNmyr4mM/y/AvQ6eQmd9v+9/QDZUxiudFb6U/sqIvKlQtAiUO5RM52YRP88CQzYOztxWw0t1feeFIKN3R4Q2Ow=="
    },
    "@types/knockout.mapping": {
      "version": "2.0.35",
      "resolved": "https://registry.npmjs.org/@types/knockout.mapping/-/knockout.mapping-2.0.35.tgz",
      "integrity": "sha512-GP7AwHMdXYSrSgdGl1h2dFfTWtwis5uLOSqJ+28BBBRuzYVyb7wBbI/PtF2UQR8ck2Du2JVnpiKgWHDgqEhuyQ==",
      "requires": {
        "@types/knockout": "*"
      }
    },
    "@types/node": {
      "version": "12.7.2",
      "resolved": "https://registry.npmjs.org/@types/node/-/node-12.7.2.tgz",
      "integrity": "sha512-dyYO+f6ihZEtNPDcWNR1fkoTDf3zAK3lAABDze3mz6POyIercH0lEUawUFXlG8xaQZmm1yEBON/4TsYv/laDYg=="
    },
    "amd-loader": {
      "version": "0.0.8",
      "resolved": "https://registry.npmjs.org/amd-loader/-/amd-loader-0.0.8.tgz",
      "integrity": "sha1-ECKSgEDlZ+jmpvtYvaBS+BkYkgY="
    },
    "knockout": {
      "version": "3.5.0",
      "resolved": "https://registry.npmjs.org/knockout/-/knockout-3.5.0.tgz",
      "integrity": "sha512-vBUF/IsBDzaejHkNpiquKdc5uPrImXuQ4Mb9lEfNNJ5cyHGI8ThDupR+h3eMFZhfmPE/brfwcIAn/fm0yOvJUg==",
      "dev": true
    },
    "requirejs": {
      "version": "2.3.6",
      "resolved": "https://registry.npmjs.org/requirejs/-/requirejs-2.3.6.tgz",
      "integrity": "sha512-ipEzlWQe6RK3jkzikgCupiTbTvm4S0/CAU5GlgptkN5SO6F3u0UD0K18wy6ErDqiCyP4J4YYe1HuAShvsxePLg=="
    }
  }
}
